
Microsoft Visual Studio Solution File, Format Version 12.00
# Visual Studio 15
Project("{FAE04EC0-301F-11D3-BF4B-00C04F79EFBC}") = "Assembly-CSharp", "Assembly-CSharp.csproj", "{283B544F-4E07-375E-45A0-2F26A8D71EA2}"
EndProject
Project("{FAE04EC0-301F-11D3-BF4B-00C04F79EFBC}") = "Assembly-CSharp-firstpass", "Assembly-CSharp-firstpass.csproj", "{8255F763-A315-F71F-1CD9-2396C4D2BAE1}"
EndProject
Project("{FAE04EC0-301F-11D3-BF4B-00C04F79EFBC}") = "Assembly-CSharp-Editor", "Assembly-CSharp-Editor.csproj", "{7D322EBE-4262-EB38-77E0-35C44B046F7C}"
EndProject
Global
	GlobalSection(SolutionConfigurationPlatforms) = preSolution
		Debug|Any CPU = Debug|Any CPU
		Release|Any CPU = Release|Any CPU
	EndGlobalSection
	GlobalSection(ProjectConfigurationPlatforms) = postSolution
		{283B544F-4E07-375E-45A0-2F26A8D71EA2}.Debug|Any CPU.ActiveCfg = Debug|Any CPU
		{283B544F-4E07-375E-45A0-2F26A8D71EA2}.Debug|Any CPU.Build.0 = Debug|Any CPU
		{283B544F-4E07-375E-45A0-2F26A8D71EA2}.Release|Any CPU.ActiveCfg = Release|Any CPU
		{283B544F-4E07-375E-45A0-2F26A8D71EA2}.Release|Any CPU.Build.0 = Release|Any CPU
		{8255F763-A315-F71F-1CD9-2396C4D2BAE1}.Debug|Any CPU.ActiveCfg = Debug|Any CPU
		{8255F763-A315-F71F-1CD9-2396C4D2BAE1}.Debug|Any CPU.Build.0 = Debug|Any CPU
		{8255F763-A315-F71F-1CD9-2396C4D2BAE1}.Release|Any CPU.ActiveCfg = Release|Any CPU
		{8255F763-A315-F71F-1CD9-2396C4D2BAE1}.Release|Any CPU.Build.0 = Release|Any CPU
		{7D322EBE-4262-EB38-77E0-35C44B046F7C}.Debug|Any CPU.ActiveCfg = Debug|Any CPU
		{7D322EBE-4262-EB38-77E0-35C44B046F7C}.Debug|Any CPU.Build.0 = Debug|Any CPU
		{7D322EBE-4262-EB38-77E0-35C44B046F7C}.Release|Any CPU.ActiveCfg = Release|Any CPU
		{7D322EBE-4262-EB38-77E0-35C44B046F7C}.Release|Any CPU.Build.0 = Release|Any CPU
	EndGlobalSection
	GlobalSection(SolutionProperties) = preSolution
		HideSolutionNode = FALSE
	EndGlobalSection
EndGlobal
